{
  "name": "FlipBAJ",
  "lockfileVersion": 3,
  "requires": true,
  "packages": {
    "": {
      "dependencies": {
        "crypto-js": "^4.2.0",
        "datatables.net-dt": "^2.0.7",
        "jquery-jeditable": "^2.0.19"
      }
    },
    "node_modules/crypto-js": {
      "version": "4.2.0",
      "resolved": "https://registry.npmjs.org/crypto-js/-/crypto-js-4.2.0.tgz",
      "integrity": "sha512-KALDyEYgpY+Rlob/iriUtjV6d5Eq+Y191A5g4UqLAi8CyGP9N1+FdVbkc1SxKc2r4YAYqG8JzO2KGL+AizD70Q=="
    },
    "node_modules/datatables.net": {
      "version": "2.0.7",
      "resolved": "https://registry.npmjs.org/datatables.net/-/datatables.net-2.0.7.tgz",
      "integrity": "sha512-cyW+HZwkMzb4bLrao/SS9/i64ZHiw5nYhXl+OwuOPgddG+R9O11iOEke8wYsdiyOQmjv2mE6xkEmRMZwHZc8zw==",
      "dependencies": {
        "jquery": ">=1.7"
      }
    },
    "node_modules/datatables.net-dt": {
      "version": "2.0.7",
      "resolved": "https://registry.npmjs.org/datatables.net-dt/-/datatables.net-dt-2.0.7.tgz",
      "integrity": "sha512-geClTADRyr/3B4S4eXLspidnkTzwvyLlUivYLQBlmq6M3+AAz1MI7kYXDEuOLC12Q8cvaABXFPI0oQ7Z4VZp4A==",
      "dependencies": {
        "datatables.net": "2.0.7",
        "jquery": ">=1.7"
      }
    },
    "node_modules/jquery": {
      "version": "3.7.1",
      "resolved": "https://registry.npmjs.org/jquery/-/jquery-3.7.1.tgz",
      "integrity": "sha512-m4avr8yL8kmFN8psrbFFFmB/If14iN5o9nw/NgnnM+kybDJpRsAynV2BsfpTYrTRysYUdADVD7CkUUizgkpLfg=="
    },
    "node_modules/jquery-jeditable": {
      "version": "2.0.19",
      "resolved": "https://registry.npmjs.org/jquery-jeditable/-/jquery-jeditable-2.0.19.tgz",
      "integrity": "sha512-eg3kgRO+2e/mzJ53aNn26TeOYOAjFEr2v6mR7jqeGKl2FqCat+N03GOBDqRlz9g5jdHvONsOVRM9/vab0Yb+Bw==",
      "deprecated": "Package no longer supported. Contact Support at https://www.npmjs.com/support for more info.",
      "dependencies": {
        "jquery": "^3.5.1"
      }
    }
  }
}
